{
  "version": 4,
  "terraform_version": "1.9.8",
  "serial": 41,
  "lineage": "f6a7c295-d3a1-a5ec-3170-5855906be388",
  "outputs": {},
  "resources": [
    {
      "module": "module.db_instance",
      "mode": "managed",
      "type": "aws_db_instance",
      "name": "rds",
      "provider": "provider[\"registry.terraform.io/hashicorp/aws\"]",
      "instances": [
        {
          "schema_version": 2,
          "attributes": {
            "address": "terraform-20250305043439806200000002.cid4cku6auqj.us-east-1.rds.amazonaws.com",
            "allocated_storage": 20,
            "allow_major_version_upgrade": null,
            "apply_immediately": false,
            "arn": "arn:aws:rds:us-east-1:043309320500:db:terraform-20250305043439806200000002",
            "auto_minor_version_upgrade": true,
            "availability_zone": "us-east-1b",
            "backup_retention_period": 0,
            "backup_target": "region",
            "backup_window": "05:09-05:39",
            "blue_green_update": [],
            "ca_cert_identifier": "rds-ca-rsa2048-g1",
            "character_set_name": "",
            "copy_tags_to_snapshot": false,
            "custom_iam_instance_profile": "",
            "customer_owned_ip_enabled": false,
            "db_name": "mydatabase",
            "db_subnet_group_name": "db_grp",
            "dedicated_log_volume": false,
            "delete_automated_backups": true,
            "deletion_protection": false,
            "domain": "",
            "domain_auth_secret_arn": "",
            "domain_dns_ips": [],
            "domain_fqdn": "",
            "domain_iam_role_name": "",
            "domain_ou": "",
            "enabled_cloudwatch_logs_exports": [],
            "endpoint": "terraform-20250305043439806200000002.cid4cku6auqj.us-east-1.rds.amazonaws.com:3306",
            "engine": "mysql",
            "engine_lifecycle_support": "open-source-rds-extended-support",
            "engine_version": "8.0",
            "engine_version_actual": "8.0.40",
            "final_snapshot_identifier": null,
            "hosted_zone_id": "Z2R2ITUGPM61AM",
            "iam_database_authentication_enabled": false,
            "id": "db-47ZKRZPYXDFWGXXHXYRKZ4PGCU",
            "identifier": "terraform-20250305043439806200000002",
            "identifier_prefix": "terraform-",
            "instance_class": "db.t3.micro",
            "iops": 0,
            "kms_key_id": "",
            "latest_restorable_time": "",
            "license_model": "general-public-license",
            "listener_endpoint": [],
            "maintenance_window": "sun:03:58-sun:04:28",
            "manage_master_user_password": null,
            "master_user_secret": [],
            "master_user_secret_kms_key_id": null,
            "max_allocated_storage": 0,
            "monitoring_interval": 0,
            "monitoring_role_arn": "",
            "multi_az": false,
            "nchar_character_set_name": "",
            "network_type": "IPV4",
            "option_group_name": "default:mysql-8-0",
            "parameter_group_name": "default.mysql8.0",
            "password": "adminuser2",
            "password_wo": null,
            "password_wo_version": null,
            "performance_insights_enabled": false,
            "performance_insights_kms_key_id": "",
            "performance_insights_retention_period": 0,
            "port": 3306,
            "publicly_accessible": true,
            "replica_mode": "",
            "replicas": [],
            "replicate_source_db": "",
            "resource_id": "db-47ZKRZPYXDFWGXXHXYRKZ4PGCU",
            "restore_to_point_in_time": [],
            "s3_import": [],
            "skip_final_snapshot": true,
            "snapshot_identifier": null,
            "status": "available",
            "storage_encrypted": false,
            "storage_throughput": 0,
            "storage_type": "gp2",
            "tags": {
              "Name": "rds"
            },
            "tags_all": {
              "Name": "rds"
            },
            "timeouts": null,
            "timezone": "",
            "upgrade_storage_config": null,
            "username": "dbuser",
            "vpc_security_group_ids": [
              "sg-03f96ceaf6523a05b"
            ]
          },
          "sensitive_attributes": [
            [
              {
                "type": "get_attr",
                "value": "password"
              }
            ],
            [
              {
                "type": "get_attr",
                "value": "password_wo"
              }
            ]
          ],
          "private": "eyJlMmJmYjczMC1lY2FhLTExZTYtOGY4OC0zNDM2M2JjN2M0YzAiOnsiY3JlYXRlIjozMDAwMDAwMDAwMDAwLCJkZWxldGUiOjM2MDAwMDAwMDAwMDAsInVwZGF0ZSI6NDgwMDAwMDAwMDAwMH0sInNjaGVtYV92ZXJzaW9uIjoiMiJ9",
          "dependencies": [
            "module.db_instance.aws_db_subnet_group.subnet_group",
            "module.db_instance.aws_security_group.rds_sg",
            "module.secret.aws_secretsmanager_secret.secrets",
            "module.secret.aws_secretsmanager_secret_version.secret_version",
            "module.vpc.aws_subnet.db_private_subnet",
            "module.vpc.aws_vpc.migration_vpc"
          ]
        }
      ]
    },
    {
      "module": "module.db_instance",
      "mode": "managed",
      "type": "aws_db_subnet_group",
      "name": "subnet_group",
      "provider": "provider[\"registry.terraform.io/hashicorp/aws\"]",
      "instances": [
        {
          "schema_version": 0,
          "attributes": {
            "arn": "arn:aws:rds:us-east-1:043309320500:subgrp:db_grp",
            "description": "Managed by Terraform",
            "id": "db_grp",
            "name": "db_grp",
            "name_prefix": "",
            "subnet_ids": [
              "subnet-05dcb5e645b721b51",
              "subnet-0cb374b4d9edb6457"
            ],
            "supported_network_types": [
              "IPV4"
            ],
            "tags": {
              "Name": "db_subnet_group"
            },
            "tags_all": {
              "Name": "db_subnet_group"
            },
            "vpc_id": "vpc-098ed9f56da0a6a93"
          },
          "sensitive_attributes": [],
          "private": "bnVsbA==",
          "dependencies": [
            "module.vpc.aws_subnet.db_private_subnet",
            "module.vpc.aws_vpc.migration_vpc"
          ]
        }
      ]
    },
    {
      "module": "module.db_instance",
      "mode": "managed",
      "type": "aws_security_group",
      "name": "rds_sg",
      "provider": "provider[\"registry.terraform.io/hashicorp/aws\"]",
      "instances": [
        {
          "schema_version": 1,
          "attributes": {
            "arn": "arn:aws:ec2:us-east-1:043309320500:security-group/sg-03f96ceaf6523a05b",
            "description": "rds-sg",
            "egress": [
              {
                "cidr_blocks": [
                  "0.0.0.0/0"
                ],
                "description": "",
                "from_port": 0,
                "ipv6_cidr_blocks": [],
                "prefix_list_ids": [],
                "protocol": "-1",
                "security_groups": [],
                "self": false,
                "to_port": 0
              }
            ],
            "id": "sg-03f96ceaf6523a05b",
            "ingress": [
              {
                "cidr_blocks": [],
                "description": "",
                "from_port": 3306,
                "ipv6_cidr_blocks": [],
                "prefix_list_ids": [],
                "protocol": "tcp",
                "security_groups": [
                  "sg-005e438306e4ae991"
                ],
                "self": false,
                "to_port": 3306
              }
            ],
            "name": "rds-sg",
            "name_prefix": "",
            "owner_id": "043309320500",
            "revoke_rules_on_delete": false,
            "tags": {
              "Name": "rds-sg"
            },
            "tags_all": {
              "Name": "rds-sg"
            },
            "timeouts": null,
            "vpc_id": "vpc-098ed9f56da0a6a93"
          },
          "sensitive_attributes": [],
          "private": "eyJlMmJmYjczMC1lY2FhLTExZTYtOGY4OC0zNDM2M2JjN2M0YzAiOnsiY3JlYXRlIjo2MDAwMDAwMDAwMDAsImRlbGV0ZSI6OTAwMDAwMDAwMDAwfSwic2NoZW1hX3ZlcnNpb24iOiIxIn0=",
          "dependencies": [
            "module.vpc.aws_vpc.migration_vpc"
          ]
        }
      ]
    },
    {
      "module": "module.db_instance",
      "mode": "managed",
      "type": "aws_security_group_rule",
      "name": "ingress",
      "provider": "provider[\"registry.terraform.io/hashicorp/aws\"]",
      "instances": [
        {
          "schema_version": 2,
          "attributes": {
            "cidr_blocks": null,
            "description": null,
            "from_port": 3306,
            "id": "sgrule-1598399593",
            "ipv6_cidr_blocks": null,
            "prefix_list_ids": null,
            "protocol": "tcp",
            "security_group_id": "sg-03f96ceaf6523a05b",
            "security_group_rule_id": "sgr-0ccb0df66118d27bb",
            "self": false,
            "source_security_group_id": "sg-005e438306e4ae991",
            "timeouts": null,
            "to_port": 3306,
            "type": "ingress"
          },
          "sensitive_attributes": [],
          "private": "eyJlMmJmYjczMC1lY2FhLTExZTYtOGY4OC0zNDM2M2JjN2M0YzAiOnsiY3JlYXRlIjozMDAwMDAwMDAwMDB9LCJzY2hlbWFfdmVyc2lvbiI6IjIifQ==",
          "dependencies": [
            "module.db_instance.aws_security_group.rds_sg",
            "module.ec2_private.aws_security_group.ec2_sg",
            "module.vpc.aws_vpc.migration_vpc"
          ]
        }
      ]
    },
    {
      "module": "module.db_instance",
      "mode": "managed",
      "type": "aws_vpc_security_group_egress_rule",
      "name": "allow_all_traffic_ipv4",
      "provider": "provider[\"registry.terraform.io/hashicorp/aws\"]",
      "instances": [
        {
          "schema_version": 0,
          "attributes": {
            "arn": "arn:aws:ec2:us-east-1:043309320500:security-group-rule/sgr-0070fa5b6a0e2b232",
            "cidr_ipv4": "0.0.0.0/0",
            "cidr_ipv6": null,
            "description": null,
            "from_port": null,
            "id": "sgr-0070fa5b6a0e2b232",
            "ip_protocol": "-1",
            "prefix_list_id": null,
            "referenced_security_group_id": null,
            "security_group_id": "sg-03f96ceaf6523a05b",
            "security_group_rule_id": "sgr-0070fa5b6a0e2b232",
            "tags": null,
            "tags_all": {},
            "to_port": null
          },
          "sensitive_attributes": [],
          "dependencies": [
            "module.db_instance.aws_security_group.rds_sg",
            "module.vpc.aws_vpc.migration_vpc"
          ]
        }
      ]
    },
    {
      "module": "module.ec2_private",
      "mode": "managed",
      "type": "aws_instance",
      "name": "web",
      "provider": "provider[\"registry.terraform.io/hashicorp/aws\"]",
      "instances": [
        {
          "schema_version": 1,
          "attributes": {
            "ami": "ami-04b4f1a9cf54c11d0",
            "arn": "arn:aws:ec2:us-east-1:043309320500:instance/i-02d2a47593fc3c171",
            "associate_public_ip_address": true,
            "availability_zone": "us-east-1a",
            "capacity_reservation_specification": [
              {
                "capacity_reservation_preference": "open",
                "capacity_reservation_target": []
              }
            ],
            "cpu_core_count": 1,
            "cpu_options": [
              {
                "amd_sev_snp": "",
                "core_count": 1,
                "threads_per_core": 1
              }
            ],
            "cpu_threads_per_core": 1,
            "credit_specification": [
              {
                "cpu_credits": "standard"
              }
            ],
            "disable_api_stop": false,
            "disable_api_termination": false,
            "ebs_block_device": [],
            "ebs_optimized": false,
            "enable_primary_ipv6": null,
            "enclave_options": [
              {
                "enabled": false
              }
            ],
            "ephemeral_block_device": [],
            "get_password_data": false,
            "hibernation": false,
            "host_id": "",
            "host_resource_group_arn": null,
            "iam_instance_profile": "",
            "id": "i-02d2a47593fc3c171",
            "instance_initiated_shutdown_behavior": "stop",
            "instance_lifecycle": "",
            "instance_market_options": [],
            "instance_state": "running",
            "instance_type": "t2.micro",
            "ipv6_address_count": 0,
            "ipv6_addresses": [],
            "key_name": "JumpHostKey",
            "launch_template": [],
            "maintenance_options": [
              {
                "auto_recovery": "default"
              }
            ],
            "metadata_options": [
              {
                "http_endpoint": "enabled",
                "http_protocol_ipv6": "disabled",
                "http_put_response_hop_limit": 2,
                "http_tokens": "required",
                "instance_metadata_tags": "disabled"
              }
            ],
            "monitoring": false,
            "network_interface": [],
            "outpost_arn": "",
            "password_data": "",
            "placement_group": "",
            "placement_partition_number": 0,
            "primary_network_interface_id": "eni-0bc6f8cd6560ed230",
            "private_dns": "ip-10-0-1-179.ec2.internal",
            "private_dns_name_options": [
              {
                "enable_resource_name_dns_a_record": false,
                "enable_resource_name_dns_aaaa_record": false,
                "hostname_type": "ip-name"
              }
            ],
            "private_ip": "10.0.1.179",
            "public_dns": "ec2-54-147-151-20.compute-1.amazonaws.com",
            "public_ip": "54.147.151.20",
            "root_block_device": [
              {
                "delete_on_termination": true,
                "device_name": "/dev/sda1",
                "encrypted": false,
                "iops": 3000,
                "kms_key_id": "",
                "tags": {},
                "tags_all": {},
                "throughput": 125,
                "volume_id": "vol-05497e0c0bddfda0e",
                "volume_size": 8,
                "volume_type": "gp3"
              }
            ],
            "secondary_private_ips": [],
            "security_groups": [],
            "source_dest_check": true,
            "spot_instance_request_id": "",
            "subnet_id": "subnet-0e51a03c0603e0a32",
            "tags": {
              "Name": "JumpServer"
            },
            "tags_all": {
              "Name": "JumpServer"
            },
            "tenancy": "default",
            "timeouts": null,
            "user_data": null,
            "user_data_base64": null,
            "user_data_replace_on_change": false,
            "volume_tags": null,
            "vpc_security_group_ids": [
              "sg-005e438306e4ae991"
            ]
          },
          "sensitive_attributes": [],
          "private": "eyJlMmJmYjczMC1lY2FhLTExZTYtOGY4OC0zNDM2M2JjN2M0YzAiOnsiY3JlYXRlIjo2MDAwMDAwMDAwMDAsImRlbGV0ZSI6MTIwMDAwMDAwMDAwMCwicmVhZCI6OTAwMDAwMDAwMDAwLCJ1cGRhdGUiOjYwMDAwMDAwMDAwMH0sInNjaGVtYV92ZXJzaW9uIjoiMSJ9",
          "dependencies": [
            "module.ec2_private.aws_key_pair.generated_key",
            "module.ec2_private.aws_security_group.ec2_sg",
            "module.ec2_private.tls_private_key.ssh_key",
            "module.vpc.aws_subnet.public_subnet",
            "module.vpc.aws_vpc.migration_vpc"
          ]
        }
      ]
    },
    {
      "module": "module.ec2_private",
      "mode": "managed",
      "type": "aws_key_pair",
      "name": "generated_key",
      "provider": "provider[\"registry.terraform.io/hashicorp/aws\"]",
      "instances": [
        {
          "schema_version": 1,
          "attributes": {
            "arn": "arn:aws:ec2:us-east-1:043309320500:key-pair/JumpHostKey",
            "fingerprint": "33:ec:6d:06:7f:c5:ed:fa:d9:5e:66:1e:d8:49:06:cf",
            "id": "JumpHostKey",
            "key_name": "JumpHostKey",
            "key_name_prefix": "",
            "key_pair_id": "key-00870e1705e734928",
            "key_type": "rsa",
            "public_key": "ssh-rsa AAAAB3NzaC1yc2EAAAADAQABAAACAQC9qA60ATTIvGdymQoRQciIe+Qd2tRgBcoEYagm2LM3WCsrf5EPjZLSQrLNJnCRDNk6CnHE45pjk2yKn3jQOrA8g7bRNn6JNhs+7MS4OSxklU6DbY6B39EHhuq0SU5Y+UmDOzlLGVtRnSTVz+HIZtcK33xRnxJwlIipSbBv/F9fKSZQ1Rlo+tctiM0L1yZprPDzffu4KitDtVXKPbgNbKHd991ZN/7jcEz76I7xpMls0SfpLlIOGiO1vCdSnUuLxdVI9YQiUTudQm2HTSAAGUv+ExPy2ihXZglHuTFXiC03eBQ2L+zc1+pVdkSP/LxyBcjtSbmhqAZ1n59NPlXjXw8BvBMTJ/YRPiHkerZOLRWbNC9zZnPw+Ctg/1kIi3SdoBKjc17XbAWQop/7LJyAmdDMzFNe/mL1HX/yyRqXnKv1q9JHKdKbX866RiKL0JjKnr5RxlfxK4VeldDCoaspyckiiV+4uyifmqz1rDN6RRIQh6R0LeYrqS8uWUMqcswkChM7MjwMgX9JTYdITHTHeBwL++ZUy78fkwXgB+/ifQG/lWPr1O/WqdvxP0Pc6po942btiaOvgjkyMiJK83V3CmZXRC6D46yhiAuoJ1xWRXktHp6JEg0nARHprcY2NFislSyo2hB9TYfIUGvADumIJMXecX1NM9qr9peSWNXYmEVZiQ==",
            "tags": {},
            "tags_all": {}
          },
          "sensitive_attributes": [],
          "private": "eyJzY2hlbWFfdmVyc2lvbiI6IjEifQ==",
          "dependencies": [
            "module.ec2_private.tls_private_key.ssh_key"
          ]
        }
      ]
    },
    {
      "module": "module.ec2_private",
      "mode": "managed",
      "type": "aws_security_group",
      "name": "ec2_sg",
      "provider": "provider[\"registry.terraform.io/hashicorp/aws\"]",
      "instances": [
        {
          "schema_version": 1,
          "attributes": {
            "arn": "arn:aws:ec2:us-east-1:043309320500:security-group/sg-005e438306e4ae991",
            "description": "ec2-sg",
            "egress": [
              {
                "cidr_blocks": [
                  "0.0.0.0/0"
                ],
                "description": "",
                "from_port": 0,
                "ipv6_cidr_blocks": [],
                "prefix_list_ids": [],
                "protocol": "-1",
                "security_groups": [],
                "self": false,
                "to_port": 0
              }
            ],
            "id": "sg-005e438306e4ae991",
            "ingress": [
              {
                "cidr_blocks": [
                  "0.0.0.0/0"
                ],
                "description": "",
                "from_port": 22,
                "ipv6_cidr_blocks": [],
                "prefix_list_ids": [],
                "protocol": "tcp",
                "security_groups": [],
                "self": false,
                "to_port": 22
              }
            ],
            "name": "ec2-sg",
            "name_prefix": "",
            "owner_id": "043309320500",
            "revoke_rules_on_delete": false,
            "tags": {
              "Name": "ec2-sg"
            },
            "tags_all": {
              "Name": "ec2-sg"
            },
            "timeouts": null,
            "vpc_id": "vpc-098ed9f56da0a6a93"
          },
          "sensitive_attributes": [],
          "private": "eyJlMmJmYjczMC1lY2FhLTExZTYtOGY4OC0zNDM2M2JjN2M0YzAiOnsiY3JlYXRlIjo2MDAwMDAwMDAwMDAsImRlbGV0ZSI6OTAwMDAwMDAwMDAwfSwic2NoZW1hX3ZlcnNpb24iOiIxIn0=",
          "dependencies": [
            "module.vpc.aws_vpc.migration_vpc"
          ]
        }
      ]
    },
    {
      "module": "module.ec2_private",
      "mode": "managed",
      "type": "aws_vpc_security_group_egress_rule",
      "name": "allow_all_traffic_ipv4",
      "provider": "provider[\"registry.terraform.io/hashicorp/aws\"]",
      "instances": [
        {
          "schema_version": 0,
          "attributes": {
            "arn": "arn:aws:ec2:us-east-1:043309320500:security-group-rule/sgr-0ad6461ab1839c946",
            "cidr_ipv4": "0.0.0.0/0",
            "cidr_ipv6": null,
            "description": null,
            "from_port": null,
            "id": "sgr-0ad6461ab1839c946",
            "ip_protocol": "-1",
            "prefix_list_id": null,
            "referenced_security_group_id": null,
            "security_group_id": "sg-005e438306e4ae991",
            "security_group_rule_id": "sgr-0ad6461ab1839c946",
            "tags": null,
            "tags_all": {},
            "to_port": null
          },
          "sensitive_attributes": [],
          "dependencies": [
            "module.ec2_private.aws_security_group.ec2_sg",
            "module.vpc.aws_vpc.migration_vpc"
          ]
        }
      ]
    },
    {
      "module": "module.ec2_private",
      "mode": "managed",
      "type": "aws_vpc_security_group_ingress_rule",
      "name": "allow_tls_ipv4",
      "provider": "provider[\"registry.terraform.io/hashicorp/aws\"]",
      "instances": [
        {
          "schema_version": 0,
          "attributes": {
            "arn": "arn:aws:ec2:us-east-1:043309320500:security-group-rule/sgr-037c58842a57942c6",
            "cidr_ipv4": "0.0.0.0/0",
            "cidr_ipv6": null,
            "description": null,
            "from_port": 22,
            "id": "sgr-037c58842a57942c6",
            "ip_protocol": "tcp",
            "prefix_list_id": null,
            "referenced_security_group_id": null,
            "security_group_id": "sg-005e438306e4ae991",
            "security_group_rule_id": "sgr-037c58842a57942c6",
            "tags": null,
            "tags_all": {},
            "to_port": 22
          },
          "sensitive_attributes": [],
          "dependencies": [
            "module.ec2_private.aws_security_group.ec2_sg",
            "module.vpc.aws_vpc.migration_vpc"
          ]
        }
      ]
    },
    {
      "module": "module.ec2_private",
      "mode": "managed",
      "type": "local_file",
      "name": "private_key",
      "provider": "provider[\"registry.terraform.io/hashicorp/local\"]",
      "instances": [
        {
          "schema_version": 0,
          "attributes": {
            "content": "-----BEGIN RSA PRIVATE KEY-----\nMIIJKQIBAAKCAgEAvagOtAE0yLxncpkKEUHIiHvkHdrUYAXKBGGoJtizN1grK3+R\nD42S0kKyzSZwkQzZOgpxxOOaY5Nsip940DqwPIO20TZ+iTYbPuzEuDksZJVOg22O\ngd/RB4bqtElOWPlJgzs5SxlbUZ0k1c/hyGbXCt98UZ8ScJSIqUmwb/xfXykmUNUZ\naPrXLYjNC9cmaazw8337uCorQ7VVyj24DWyh3ffdWTf+43BM++iO8aTJbNEn6S5S\nDhojtbwnUp1Li8XVSPWEIlE7nUJth00gABlL/hMT8tooV2YJR7kxV4gtN3gUNi/s\n3NfqVXZEj/y8cgXI7Um5oagGdZ+fTT5V418PAbwTEyf2ET4h5Hq2Ti0VmzQvc2Zz\n8PgrYP9ZCIt0naASo3Ne12wFkKKf+yycgJnQzMxTXv5i9R1/8skal5yr9avSRynS\nm1/OukYii9CYyp6+UcZX8SuFXpXQwqGrKcnJIolfuLson5qs9awzekUSEIekdC3m\nK6kvLllDKnLMJAoTOzI8DIF/SU2HSEx0x3gcC/vmVMu/H5MF4Afv4n0Bv5Vj69Tv\n1qnb8T9D3OqaPeNm7Ymjr4I5MjIiSvN1dwpmV0Qug+OsoYgLqCdcVkV5LR6eiRIN\nJwER6a3GNjRYrJUsqNoQfU2HyFBrwA7piCTF3nF9TTPaq/aXkljV2JhFWYkCAwEA\nAQKCAgB2V62FCNOlBlsOmQw9JG07LQN01Z17pWEfRsikJMf/mtalN96Oc+rPpKrp\ndDj9aaUKoIXJM7ScudsazNOYK2bY+99RwM1IVSi/JQLDaXmX8cqiG/S2ebB3H+rI\nQI3Q2wzSBFyFzfa7gHEBscvTPsikkjuCut3IvgZgjAi6eCISwRyVh8NpTEyErz4z\nSzc+7ZkUduJhUn7YqwgzQDvetJB0bzwBdf1ociS3c6/ufMLrUb+zsyGkhw8NUbC/\nzkLbnsCt2/VtbH7kbBToPmnfZemTSthBy3ssvhDAXoC5e9GrMRR7k4AbdedVGI1D\nw5LbG1z7I+vfQXd2YfoHOwRg8mnruiI47smG1K1nIUJwhY10pTYyZfnjyuBttMOK\nC9R8odQhWWLklS/6Hnz22lU3rnD9FOaayiQnAj/A1JV9q09vWmf5mxrVndzvOkc9\n1mcGRfdGDgsxTmGQEyofmAjEl9QUqC+NSZx4X8C/zrJV170Mh4MaKV1pauL9xfIS\nikrEQir43Yjx9/+TXrxz1AoedH5ggivaeje3/nM/0FZYd+DQCzwfYu2sFVMgWfCQ\ndsPmUvPCQ0I7O4XuRLNgcKGj46kCv1wQamHm0XHo2iGI6UbueLAXL6hGh6hG25yl\nC6E1tQEBgwhM7ei1YcftT9ZOWnr1+UiLSu6lrJi19FUzqQoKAQKCAQEA4OD4l/+N\nlsWstiM3OrgMIbSFVJ9z85atK3WVz5IBcjUd1xx/vR9wtaRgUI404G5iEGB6NskV\nQ5GKw9aJMpj1Wd2mv/rHXkbJob7dsR7Ypt5UjNob8KpvD6VyRMf0VJsnBlDKXmq/\n8/Bdv3GEF3wA9Ku9GhmV0QtapUP2TgR76CERzv6ZAybdNMMwUzqpwNZapgvUN0lL\n2gSb3Yq1SS0ZFr+h+xJPh77/SD9w35GuJwe1G3WXSBT4Nbl12Akf+6Xh9Q3M7MTP\nKxdCHEleZNz129P25qVf48pVh3djUPtYwwA5aDapyPTgM7nwK3ktwsB/Cbs7u355\n8w9Na8VN7HiN4QKCAQEA1+c5+BpWPea+BH4lDpk9xkby2ez3fEW4tzJrnShILeke\n6RGjpIDw5aOkbe2OMiZcUvtL8PY6geJ3xNKPMRzwKFe8ehdtFfXipkboeB0hABdN\nm733H+s76ur0mfvVAtdW/sTT1lbR9yJcNQK81dBtn0TG+ZwQk+PR2CGOVjONW851\nzsCAvxpDd4Hbv5jT/kgNgWV8EnyzBNgpL+2alv60xHQE8ikORQ/TeLuqL1b0uxHA\nIVQArZ7M4ZfwUDuYhHktp2CefBfap9Id056so3mmNF1SGvt274NozjTgu9Y2v3Bd\n11P8XrCouClysJJhtvy36KzRYfZAl45QIzg7DcWwqQKCAQEAzROc4VDGWLcQmFFp\nLn1lYt9zsAZyAbRpW/axlkf6VaKnAeMVgu1HJf8vbochJYLEn1a8XXXnlGUH/SyK\nlb/0D+4ZAX67jfhULNMY7UvKG/MpfAHz9PgYrFYe7SbEZNvRLOtEgfIr91Q+yjXF\nVn1ZiceMfl7Sx37pPUnLNr7UGI7/5Js+AyfQFyvhyCT5ZciVhlPHRlvrdnk5g0HZ\nrVAZTyuXlpXOPWcq+0IPt3LtNN7MhKwqOCwXZzcohslbh2xxsb7SISIiI5PkUFOA\nZ88xzzVwNkqeNefxM8bmpZVyDvMHZ0hicccPJ1zr71llJ/PQZpl/Ea93mvdbjWqz\nc3FFQQKCAQADsI/tDYYryKW2rfE0Lqo/mTbNQp94IDjn6JSuOuIA5tsAYKzLQujb\nA9DrkAO+F6m8QU8q7wpQ7e3eDzsjO7te9SDjdUMH/QvCi7OtWdIWjk9lOfnfMcX0\nXc+QUh1xzvxNnk+AejtcXdn1jfZsMQOulR5RZblizaHob6pfDsJ7ryuUPPX2ThyZ\nDj8TJyl4TwLsEy/roPXuP0N07jqWGgQ81z6+ZLU5uOuERLDD3liQWd1OtIDOdshJ\nkq8or9wLZ4bANYZ/2GiENbMMyslogcu1WWLt0x5VOYmw/HZav25wFxuDcov9kkdP\n3mV3XwkMd4UtFMb/RZYVAPmdoHhh498BAoIBAQCN1IF+kSDy+5/55fvFdkiC2FfW\nNdmHuXEw6gktJXKIBevRDJ0LymVTsjPdx6NQh41ZmBkRyO9RJIGZzklrQGB+ndyl\nSRcySwSGjjdeve7BrEzJO41eDz4aUYtPeAhg9xiROFp+nBF4K+8+dWhseRWVrguD\nheHi8qt+BeI1OyOfarIEBK9ygAn6/hfG4eSBtYOrxJ3ZLYWKdJ5srjMz7vPsViD+\n5utUgz7NZZBn7G7kRMoDV5jC4GmMJQhD+5ZkEhpLB0huQenwCCLRscfKrJFLzggA\nfVVkzOzrioashHqw1cWaD2T9Kwo7HExsJvT3hd88A55Woah/70J/H5k3o6Fh\n-----END RSA PRIVATE KEY-----\n",
            "content_base64": null,
            "content_base64sha256": "EHXh6nLIZGxLWsewPK5VZp7HfsBAFmG0HBMcYO7zj9c=",
            "content_base64sha512": "yujIow2yrqTozBMZZQVTaVEOex3sRLdVF0jxlciSoW7ei379yxqnYHfjK1p7P9YLt2fXUaDqkz7yQgJeuoL4pA==",
            "content_md5": "2413563151597dc8c7ed5560851dd609",
            "content_sha1": "2dd531122b2e4a5b76b26e611daef4893aa4e9aa",
            "content_sha256": "1075e1ea72c8646c4b5ac7b03cae55669ec77ec0401661b41c131c60eef38fd7",
            "content_sha512": "cae8c8a30db2aea4e8cc131965055369510e7b1dec44b7551748f195c892a16ede8b7efdcb1aa76077e32b5a7b3fd60bb767d751a0ea933ef242025eba82f8a4",
            "directory_permission": "0777",
            "file_permission": "0777",
            "filename": "module/ec2/jump_host_key.pem",
            "id": "2dd531122b2e4a5b76b26e611daef4893aa4e9aa",
            "sensitive_content": null,
            "source": null
          },
          "sensitive_attributes": [
            [
              {
                "type": "get_attr",
                "value": "sensitive_content"
              }
            ],
            [
              {
                "type": "get_attr",
                "value": "content"
              }
            ]
          ],
          "dependencies": [
            "module.ec2_private.tls_private_key.ssh_key"
          ]
        }
      ]
    },
    {
      "module": "module.ec2_private",
      "mode": "managed",
      "type": "tls_private_key",
      "name": "ssh_key",
      "provider": "provider[\"registry.terraform.io/hashicorp/tls\"]",
      "instances": [
        {
          "schema_version": 1,
          "attributes": {
            "algorithm": "RSA",
            "ecdsa_curve": "P224",
            "id": "dbd2e212ac5c591af2d34e317ae1d3aaf0a69a28",
            "private_key_openssh": "-----BEGIN OPENSSH PRIVATE KEY-----\nb3BlbnNzaC1rZXktdjEAAAAABG5vbmUAAAAEbm9uZQAAAAAAAAABAAACFwAAAAdz\nc2gtcnNhAAAAAwEAAQAAAgEAvagOtAE0yLxncpkKEUHIiHvkHdrUYAXKBGGoJtiz\nN1grK3+RD42S0kKyzSZwkQzZOgpxxOOaY5Nsip940DqwPIO20TZ+iTYbPuzEuDks\nZJVOg22Ogd/RB4bqtElOWPlJgzs5SxlbUZ0k1c/hyGbXCt98UZ8ScJSIqUmwb/xf\nXykmUNUZaPrXLYjNC9cmaazw8337uCorQ7VVyj24DWyh3ffdWTf+43BM++iO8aTJ\nbNEn6S5SDhojtbwnUp1Li8XVSPWEIlE7nUJth00gABlL/hMT8tooV2YJR7kxV4gt\nN3gUNi/s3NfqVXZEj/y8cgXI7Um5oagGdZ+fTT5V418PAbwTEyf2ET4h5Hq2Ti0V\nmzQvc2Zz8PgrYP9ZCIt0naASo3Ne12wFkKKf+yycgJnQzMxTXv5i9R1/8skal5yr\n9avSRynSm1/OukYii9CYyp6+UcZX8SuFXpXQwqGrKcnJIolfuLson5qs9awzekUS\nEIekdC3mK6kvLllDKnLMJAoTOzI8DIF/SU2HSEx0x3gcC/vmVMu/H5MF4Afv4n0B\nv5Vj69Tv1qnb8T9D3OqaPeNm7Ymjr4I5MjIiSvN1dwpmV0Qug+OsoYgLqCdcVkV5\nLR6eiRINJwER6a3GNjRYrJUsqNoQfU2HyFBrwA7piCTF3nF9TTPaq/aXkljV2JhF\nWYkAAAc4jdGyAo3RsgIAAAAHc3NoLXJzYQAAAgEAvagOtAE0yLxncpkKEUHIiHvk\nHdrUYAXKBGGoJtizN1grK3+RD42S0kKyzSZwkQzZOgpxxOOaY5Nsip940DqwPIO2\n0TZ+iTYbPuzEuDksZJVOg22Ogd/RB4bqtElOWPlJgzs5SxlbUZ0k1c/hyGbXCt98\nUZ8ScJSIqUmwb/xfXykmUNUZaPrXLYjNC9cmaazw8337uCorQ7VVyj24DWyh3ffd\nWTf+43BM++iO8aTJbNEn6S5SDhojtbwnUp1Li8XVSPWEIlE7nUJth00gABlL/hMT\n8tooV2YJR7kxV4gtN3gUNi/s3NfqVXZEj/y8cgXI7Um5oagGdZ+fTT5V418PAbwT\nEyf2ET4h5Hq2Ti0VmzQvc2Zz8PgrYP9ZCIt0naASo3Ne12wFkKKf+yycgJnQzMxT\nXv5i9R1/8skal5yr9avSRynSm1/OukYii9CYyp6+UcZX8SuFXpXQwqGrKcnJIolf\nuLson5qs9awzekUSEIekdC3mK6kvLllDKnLMJAoTOzI8DIF/SU2HSEx0x3gcC/vm\nVMu/H5MF4Afv4n0Bv5Vj69Tv1qnb8T9D3OqaPeNm7Ymjr4I5MjIiSvN1dwpmV0Qu\ng+OsoYgLqCdcVkV5LR6eiRINJwER6a3GNjRYrJUsqNoQfU2HyFBrwA7piCTF3nF9\nTTPaq/aXkljV2JhFWYkAAAADAQABAAACAHZXrYUI06UGWw6ZDD0kbTstA3TVnXul\nYR9GyKQkx/+a1qU33o5z6s+kqul0OP1ppQqghckztJy52xrM05grZtj731HAzUhV\nKL8lAsNpeZfxyqIb9LZ5sHcf6shAjdDbDNIEXIXN9ruAcQGxy9M+yKSSO4K63ci+\nBmCMCLp4IhLBHJWHw2lMTISvPjNLNz7tmRR24mFSftirCDNAO960kHRvPAF1/Why\nJLdzr+58wutRv7OzIaSHDw1RsL/OQtuewK3b9W1sfuRsFOg+ad9l6ZNK2EHLeyy+\nEMBegLl70asxFHuTgBt151UYjUPDktsbXPsj699Bd3Zh+gc7BGDyaeu6IjjuyYbU\nrWchQnCFjXSlNjJl+ePK4G20w4oL1Hyh1CFZYuSVL/oefPbaVTeucP0U5prKJCcC\nP8DUlX2rT29aZ/mbGtWd3O86Rz3WZwZF90YOCzFOYZATKh+YCMSX1BSoL41JnHhf\nwL/OslXXvQyHgxopXWlq4v3F8hKKSsRCKvjdiPH3/5NevHPUCh50fmCCK9p6N7f+\ncz/QVlh34NALPB9i7awVUyBZ8JB2w+ZS88JDQjs7he5Es2BwoaPjqQK/XBBqYebR\ncejaIYjpRu54sBcvqEaHqEbbnKULoTW1AQGDCEzt6LVhx+1P1k5aevX5SItK7qWs\nmLX0VTOpCgoBAAABAQCN1IF+kSDy+5/55fvFdkiC2FfWNdmHuXEw6gktJXKIBevR\nDJ0LymVTsjPdx6NQh41ZmBkRyO9RJIGZzklrQGB+ndylSRcySwSGjjdeve7BrEzJ\nO41eDz4aUYtPeAhg9xiROFp+nBF4K+8+dWhseRWVrguDheHi8qt+BeI1OyOfarIE\nBK9ygAn6/hfG4eSBtYOrxJ3ZLYWKdJ5srjMz7vPsViD+5utUgz7NZZBn7G7kRMoD\nV5jC4GmMJQhD+5ZkEhpLB0huQenwCCLRscfKrJFLzggAfVVkzOzrioashHqw1cWa\nD2T9Kwo7HExsJvT3hd88A55Woah/70J/H5k3o6FhAAABAQDg4PiX/42Wxay2Izc6\nuAwhtIVUn3Pzlq0rdZXPkgFyNR3XHH+9H3C1pGBQjjTgbmIQYHo2yRVDkYrD1oky\nmPVZ3aa/+sdeRsmhvt2xHtim3lSM2hvwqm8PpXJEx/RUmycGUMpear/z8F2/cYQX\nfAD0q70aGZXRC1qlQ/ZOBHvoIRHO/pkDJt00wzBTOqnA1lqmC9Q3SUvaBJvdirVJ\nLRkWv6H7Ek+Hvv9IP3Dfka4nB7UbdZdIFPg1uXXYCR/7peH1DczsxM8rF0IcSV5k\n3PXb0/bmpV/jylWHd2NQ+1jDADloNqnI9OAzufAreS3CwH8Juzu7fnnzD01rxU3s\neI3hAAABAQDX5zn4GlY95r4EfiUOmT3GRvLZ7Pd8Rbi3MmudKEgt6R7pEaOkgPDl\no6Rt7Y4yJlxS+0vw9jqB4nfE0o8xHPAoV7x6F20V9eKmRuh4HSEAF02bvfcf6zvq\n6vSZ+9UC11b+xNPWVtH3Ilw1ArzV0G2fRMb5nBCT49HYIY5WM41bznXOwIC/GkN3\ngdu/mNP+SA2BZXwSfLME2Ckv7ZqW/rTEdATyKQ5FD9N4u6ovVvS7EcAhVACtnszh\nl/BQO5iEeS2nYJ58F9qn0h3TnqyjeaY0XVIa+3bvg2jONOC71ja/cF3XU/xesKi4\nKXKwkmG2/LforNFh9kCXjlAjODsNxbCpAAAAAAEC\n-----END OPENSSH PRIVATE KEY-----\n",
            "private_key_pem": "-----BEGIN RSA PRIVATE KEY-----\nMIIJKQIBAAKCAgEAvagOtAE0yLxncpkKEUHIiHvkHdrUYAXKBGGoJtizN1grK3+R\nD42S0kKyzSZwkQzZOgpxxOOaY5Nsip940DqwPIO20TZ+iTYbPuzEuDksZJVOg22O\ngd/RB4bqtElOWPlJgzs5SxlbUZ0k1c/hyGbXCt98UZ8ScJSIqUmwb/xfXykmUNUZ\naPrXLYjNC9cmaazw8337uCorQ7VVyj24DWyh3ffdWTf+43BM++iO8aTJbNEn6S5S\nDhojtbwnUp1Li8XVSPWEIlE7nUJth00gABlL/hMT8tooV2YJR7kxV4gtN3gUNi/s\n3NfqVXZEj/y8cgXI7Um5oagGdZ+fTT5V418PAbwTEyf2ET4h5Hq2Ti0VmzQvc2Zz\n8PgrYP9ZCIt0naASo3Ne12wFkKKf+yycgJnQzMxTXv5i9R1/8skal5yr9avSRynS\nm1/OukYii9CYyp6+UcZX8SuFXpXQwqGrKcnJIolfuLson5qs9awzekUSEIekdC3m\nK6kvLllDKnLMJAoTOzI8DIF/SU2HSEx0x3gcC/vmVMu/H5MF4Afv4n0Bv5Vj69Tv\n1qnb8T9D3OqaPeNm7Ymjr4I5MjIiSvN1dwpmV0Qug+OsoYgLqCdcVkV5LR6eiRIN\nJwER6a3GNjRYrJUsqNoQfU2HyFBrwA7piCTF3nF9TTPaq/aXkljV2JhFWYkCAwEA\nAQKCAgB2V62FCNOlBlsOmQw9JG07LQN01Z17pWEfRsikJMf/mtalN96Oc+rPpKrp\ndDj9aaUKoIXJM7ScudsazNOYK2bY+99RwM1IVSi/JQLDaXmX8cqiG/S2ebB3H+rI\nQI3Q2wzSBFyFzfa7gHEBscvTPsikkjuCut3IvgZgjAi6eCISwRyVh8NpTEyErz4z\nSzc+7ZkUduJhUn7YqwgzQDvetJB0bzwBdf1ociS3c6/ufMLrUb+zsyGkhw8NUbC/\nzkLbnsCt2/VtbH7kbBToPmnfZemTSthBy3ssvhDAXoC5e9GrMRR7k4AbdedVGI1D\nw5LbG1z7I+vfQXd2YfoHOwRg8mnruiI47smG1K1nIUJwhY10pTYyZfnjyuBttMOK\nC9R8odQhWWLklS/6Hnz22lU3rnD9FOaayiQnAj/A1JV9q09vWmf5mxrVndzvOkc9\n1mcGRfdGDgsxTmGQEyofmAjEl9QUqC+NSZx4X8C/zrJV170Mh4MaKV1pauL9xfIS\nikrEQir43Yjx9/+TXrxz1AoedH5ggivaeje3/nM/0FZYd+DQCzwfYu2sFVMgWfCQ\ndsPmUvPCQ0I7O4XuRLNgcKGj46kCv1wQamHm0XHo2iGI6UbueLAXL6hGh6hG25yl\nC6E1tQEBgwhM7ei1YcftT9ZOWnr1+UiLSu6lrJi19FUzqQoKAQKCAQEA4OD4l/+N\nlsWstiM3OrgMIbSFVJ9z85atK3WVz5IBcjUd1xx/vR9wtaRgUI404G5iEGB6NskV\nQ5GKw9aJMpj1Wd2mv/rHXkbJob7dsR7Ypt5UjNob8KpvD6VyRMf0VJsnBlDKXmq/\n8/Bdv3GEF3wA9Ku9GhmV0QtapUP2TgR76CERzv6ZAybdNMMwUzqpwNZapgvUN0lL\n2gSb3Yq1SS0ZFr+h+xJPh77/SD9w35GuJwe1G3WXSBT4Nbl12Akf+6Xh9Q3M7MTP\nKxdCHEleZNz129P25qVf48pVh3djUPtYwwA5aDapyPTgM7nwK3ktwsB/Cbs7u355\n8w9Na8VN7HiN4QKCAQEA1+c5+BpWPea+BH4lDpk9xkby2ez3fEW4tzJrnShILeke\n6RGjpIDw5aOkbe2OMiZcUvtL8PY6geJ3xNKPMRzwKFe8ehdtFfXipkboeB0hABdN\nm733H+s76ur0mfvVAtdW/sTT1lbR9yJcNQK81dBtn0TG+ZwQk+PR2CGOVjONW851\nzsCAvxpDd4Hbv5jT/kgNgWV8EnyzBNgpL+2alv60xHQE8ikORQ/TeLuqL1b0uxHA\nIVQArZ7M4ZfwUDuYhHktp2CefBfap9Id056so3mmNF1SGvt274NozjTgu9Y2v3Bd\n11P8XrCouClysJJhtvy36KzRYfZAl45QIzg7DcWwqQKCAQEAzROc4VDGWLcQmFFp\nLn1lYt9zsAZyAbRpW/axlkf6VaKnAeMVgu1HJf8vbochJYLEn1a8XXXnlGUH/SyK\nlb/0D+4ZAX67jfhULNMY7UvKG/MpfAHz9PgYrFYe7SbEZNvRLOtEgfIr91Q+yjXF\nVn1ZiceMfl7Sx37pPUnLNr7UGI7/5Js+AyfQFyvhyCT5ZciVhlPHRlvrdnk5g0HZ\nrVAZTyuXlpXOPWcq+0IPt3LtNN7MhKwqOCwXZzcohslbh2xxsb7SISIiI5PkUFOA\nZ88xzzVwNkqeNefxM8bmpZVyDvMHZ0hicccPJ1zr71llJ/PQZpl/Ea93mvdbjWqz\nc3FFQQKCAQADsI/tDYYryKW2rfE0Lqo/mTbNQp94IDjn6JSuOuIA5tsAYKzLQujb\nA9DrkAO+F6m8QU8q7wpQ7e3eDzsjO7te9SDjdUMH/QvCi7OtWdIWjk9lOfnfMcX0\nXc+QUh1xzvxNnk+AejtcXdn1jfZsMQOulR5RZblizaHob6pfDsJ7ryuUPPX2ThyZ\nDj8TJyl4TwLsEy/roPXuP0N07jqWGgQ81z6+ZLU5uOuERLDD3liQWd1OtIDOdshJ\nkq8or9wLZ4bANYZ/2GiENbMMyslogcu1WWLt0x5VOYmw/HZav25wFxuDcov9kkdP\n3mV3XwkMd4UtFMb/RZYVAPmdoHhh498BAoIBAQCN1IF+kSDy+5/55fvFdkiC2FfW\nNdmHuXEw6gktJXKIBevRDJ0LymVTsjPdx6NQh41ZmBkRyO9RJIGZzklrQGB+ndyl\nSRcySwSGjjdeve7BrEzJO41eDz4aUYtPeAhg9xiROFp+nBF4K+8+dWhseRWVrguD\nheHi8qt+BeI1OyOfarIEBK9ygAn6/hfG4eSBtYOrxJ3ZLYWKdJ5srjMz7vPsViD+\n5utUgz7NZZBn7G7kRMoDV5jC4GmMJQhD+5ZkEhpLB0huQenwCCLRscfKrJFLzggA\nfVVkzOzrioashHqw1cWaD2T9Kwo7HExsJvT3hd88A55Woah/70J/H5k3o6Fh\n-----END RSA PRIVATE KEY-----\n",
            "private_key_pem_pkcs8": "-----BEGIN PRIVATE KEY-----\nMIIJQwIBADANBgkqhkiG9w0BAQEFAASCCS0wggkpAgEAAoICAQC9qA60ATTIvGdy\nmQoRQciIe+Qd2tRgBcoEYagm2LM3WCsrf5EPjZLSQrLNJnCRDNk6CnHE45pjk2yK\nn3jQOrA8g7bRNn6JNhs+7MS4OSxklU6DbY6B39EHhuq0SU5Y+UmDOzlLGVtRnSTV\nz+HIZtcK33xRnxJwlIipSbBv/F9fKSZQ1Rlo+tctiM0L1yZprPDzffu4KitDtVXK\nPbgNbKHd991ZN/7jcEz76I7xpMls0SfpLlIOGiO1vCdSnUuLxdVI9YQiUTudQm2H\nTSAAGUv+ExPy2ihXZglHuTFXiC03eBQ2L+zc1+pVdkSP/LxyBcjtSbmhqAZ1n59N\nPlXjXw8BvBMTJ/YRPiHkerZOLRWbNC9zZnPw+Ctg/1kIi3SdoBKjc17XbAWQop/7\nLJyAmdDMzFNe/mL1HX/yyRqXnKv1q9JHKdKbX866RiKL0JjKnr5RxlfxK4VeldDC\noaspyckiiV+4uyifmqz1rDN6RRIQh6R0LeYrqS8uWUMqcswkChM7MjwMgX9JTYdI\nTHTHeBwL++ZUy78fkwXgB+/ifQG/lWPr1O/WqdvxP0Pc6po942btiaOvgjkyMiJK\n83V3CmZXRC6D46yhiAuoJ1xWRXktHp6JEg0nARHprcY2NFislSyo2hB9TYfIUGvA\nDumIJMXecX1NM9qr9peSWNXYmEVZiQIDAQABAoICAHZXrYUI06UGWw6ZDD0kbTst\nA3TVnXulYR9GyKQkx/+a1qU33o5z6s+kqul0OP1ppQqghckztJy52xrM05grZtj7\n31HAzUhVKL8lAsNpeZfxyqIb9LZ5sHcf6shAjdDbDNIEXIXN9ruAcQGxy9M+yKSS\nO4K63ci+BmCMCLp4IhLBHJWHw2lMTISvPjNLNz7tmRR24mFSftirCDNAO960kHRv\nPAF1/WhyJLdzr+58wutRv7OzIaSHDw1RsL/OQtuewK3b9W1sfuRsFOg+ad9l6ZNK\n2EHLeyy+EMBegLl70asxFHuTgBt151UYjUPDktsbXPsj699Bd3Zh+gc7BGDyaeu6\nIjjuyYbUrWchQnCFjXSlNjJl+ePK4G20w4oL1Hyh1CFZYuSVL/oefPbaVTeucP0U\n5prKJCcCP8DUlX2rT29aZ/mbGtWd3O86Rz3WZwZF90YOCzFOYZATKh+YCMSX1BSo\nL41JnHhfwL/OslXXvQyHgxopXWlq4v3F8hKKSsRCKvjdiPH3/5NevHPUCh50fmCC\nK9p6N7f+cz/QVlh34NALPB9i7awVUyBZ8JB2w+ZS88JDQjs7he5Es2BwoaPjqQK/\nXBBqYebRcejaIYjpRu54sBcvqEaHqEbbnKULoTW1AQGDCEzt6LVhx+1P1k5aevX5\nSItK7qWsmLX0VTOpCgoBAoIBAQDg4PiX/42Wxay2Izc6uAwhtIVUn3Pzlq0rdZXP\nkgFyNR3XHH+9H3C1pGBQjjTgbmIQYHo2yRVDkYrD1okymPVZ3aa/+sdeRsmhvt2x\nHtim3lSM2hvwqm8PpXJEx/RUmycGUMpear/z8F2/cYQXfAD0q70aGZXRC1qlQ/ZO\nBHvoIRHO/pkDJt00wzBTOqnA1lqmC9Q3SUvaBJvdirVJLRkWv6H7Ek+Hvv9IP3Df\nka4nB7UbdZdIFPg1uXXYCR/7peH1DczsxM8rF0IcSV5k3PXb0/bmpV/jylWHd2NQ\n+1jDADloNqnI9OAzufAreS3CwH8Juzu7fnnzD01rxU3seI3hAoIBAQDX5zn4GlY9\n5r4EfiUOmT3GRvLZ7Pd8Rbi3MmudKEgt6R7pEaOkgPDlo6Rt7Y4yJlxS+0vw9jqB\n4nfE0o8xHPAoV7x6F20V9eKmRuh4HSEAF02bvfcf6zvq6vSZ+9UC11b+xNPWVtH3\nIlw1ArzV0G2fRMb5nBCT49HYIY5WM41bznXOwIC/GkN3gdu/mNP+SA2BZXwSfLME\n2Ckv7ZqW/rTEdATyKQ5FD9N4u6ovVvS7EcAhVACtnszhl/BQO5iEeS2nYJ58F9qn\n0h3TnqyjeaY0XVIa+3bvg2jONOC71ja/cF3XU/xesKi4KXKwkmG2/LforNFh9kCX\njlAjODsNxbCpAoIBAQDNE5zhUMZYtxCYUWkufWVi33OwBnIBtGlb9rGWR/pVoqcB\n4xWC7Ucl/y9uhyElgsSfVrxddeeUZQf9LIqVv/QP7hkBfruN+FQs0xjtS8ob8yl8\nAfP0+BisVh7tJsRk29Es60SB8iv3VD7KNcVWfVmJx4x+XtLHfuk9Scs2vtQYjv/k\nmz4DJ9AXK+HIJPllyJWGU8dGW+t2eTmDQdmtUBlPK5eWlc49Zyr7Qg+3cu003syE\nrCo4LBdnNyiGyVuHbHGxvtIhIiIjk+RQU4BnzzHPNXA2Sp415/EzxuallXIO8wdn\nSGJxxw8nXOvvWWUn89BmmX8Rr3ea91uNarNzcUVBAoIBAAOwj+0NhivIpbat8TQu\nqj+ZNs1Cn3ggOOfolK464gDm2wBgrMtC6NsD0OuQA74XqbxBTyrvClDt7d4POyM7\nu171ION1Qwf9C8KLs61Z0haOT2U5+d8xxfRdz5BSHXHO/E2eT4B6O1xd2fWN9mwx\nA66VHlFluWLNoehvql8OwnuvK5Q89fZOHJkOPxMnKXhPAuwTL+ug9e4/Q3TuOpYa\nBDzXPr5ktTm464REsMPeWJBZ3U60gM52yEmSryiv3AtnhsA1hn/YaIQ1swzKyWiB\ny7VZYu3THlU5ibD8dlq/bnAXG4Nyi/2SR0/eZXdfCQx3hS0Uxv9FlhUA+Z2geGHj\n3wECggEBAI3UgX6RIPL7n/nl+8V2SILYV9Y12Ye5cTDqCS0lcogF69EMnQvKZVOy\nM93Ho1CHjVmYGRHI71EkgZnOSWtAYH6d3KVJFzJLBIaON1697sGsTMk7jV4PPhpR\ni094CGD3GJE4Wn6cEXgr7z51aGx5FZWuC4OF4eLyq34F4jU7I59qsgQEr3KACfr+\nF8bh5IG1g6vEndkthYp0nmyuMzPu8+xWIP7m61SDPs1lkGfsbuREygNXmMLgaYwl\nCEP7lmQSGksHSG5B6fAIItGxx8qskUvOCAB9VWTM7OuKhqyEerDVxZoPZP0rCjsc\nTGwm9PeF3zwDnlahqH/vQn8fmTejoWE=\n-----END PRIVATE KEY-----\n",
            "public_key_fingerprint_md5": "d8:29:25:90:69:53:f3:d9:43:ff:43:32:ec:de:a5:a0",
            "public_key_fingerprint_sha256": "SHA256:HWMrIMem2xcsSfUuEjoaMaXDFveiwMBJl0Pp5U/t0CQ",
            "public_key_openssh": "ssh-rsa AAAAB3NzaC1yc2EAAAADAQABAAACAQC9qA60ATTIvGdymQoRQciIe+Qd2tRgBcoEYagm2LM3WCsrf5EPjZLSQrLNJnCRDNk6CnHE45pjk2yKn3jQOrA8g7bRNn6JNhs+7MS4OSxklU6DbY6B39EHhuq0SU5Y+UmDOzlLGVtRnSTVz+HIZtcK33xRnxJwlIipSbBv/F9fKSZQ1Rlo+tctiM0L1yZprPDzffu4KitDtVXKPbgNbKHd991ZN/7jcEz76I7xpMls0SfpLlIOGiO1vCdSnUuLxdVI9YQiUTudQm2HTSAAGUv+ExPy2ihXZglHuTFXiC03eBQ2L+zc1+pVdkSP/LxyBcjtSbmhqAZ1n59NPlXjXw8BvBMTJ/YRPiHkerZOLRWbNC9zZnPw+Ctg/1kIi3SdoBKjc17XbAWQop/7LJyAmdDMzFNe/mL1HX/yyRqXnKv1q9JHKdKbX866RiKL0JjKnr5RxlfxK4VeldDCoaspyckiiV+4uyifmqz1rDN6RRIQh6R0LeYrqS8uWUMqcswkChM7MjwMgX9JTYdITHTHeBwL++ZUy78fkwXgB+/ifQG/lWPr1O/WqdvxP0Pc6po942btiaOvgjkyMiJK83V3CmZXRC6D46yhiAuoJ1xWRXktHp6JEg0nARHprcY2NFislSyo2hB9TYfIUGvADumIJMXecX1NM9qr9peSWNXYmEVZiQ==\n",
            "public_key_pem": "-----BEGIN PUBLIC KEY-----\nMIICIjANBgkqhkiG9w0BAQEFAAOCAg8AMIICCgKCAgEAvagOtAE0yLxncpkKEUHI\niHvkHdrUYAXKBGGoJtizN1grK3+RD42S0kKyzSZwkQzZOgpxxOOaY5Nsip940Dqw\nPIO20TZ+iTYbPuzEuDksZJVOg22Ogd/RB4bqtElOWPlJgzs5SxlbUZ0k1c/hyGbX\nCt98UZ8ScJSIqUmwb/xfXykmUNUZaPrXLYjNC9cmaazw8337uCorQ7VVyj24DWyh\n3ffdWTf+43BM++iO8aTJbNEn6S5SDhojtbwnUp1Li8XVSPWEIlE7nUJth00gABlL\n/hMT8tooV2YJR7kxV4gtN3gUNi/s3NfqVXZEj/y8cgXI7Um5oagGdZ+fTT5V418P\nAbwTEyf2ET4h5Hq2Ti0VmzQvc2Zz8PgrYP9ZCIt0naASo3Ne12wFkKKf+yycgJnQ\nzMxTXv5i9R1/8skal5yr9avSRynSm1/OukYii9CYyp6+UcZX8SuFXpXQwqGrKcnJ\nIolfuLson5qs9awzekUSEIekdC3mK6kvLllDKnLMJAoTOzI8DIF/SU2HSEx0x3gc\nC/vmVMu/H5MF4Afv4n0Bv5Vj69Tv1qnb8T9D3OqaPeNm7Ymjr4I5MjIiSvN1dwpm\nV0Qug+OsoYgLqCdcVkV5LR6eiRINJwER6a3GNjRYrJUsqNoQfU2HyFBrwA7piCTF\n3nF9TTPaq/aXkljV2JhFWYkCAwEAAQ==\n-----END PUBLIC KEY-----\n",
            "rsa_bits": 4096
          },
          "sensitive_attributes": [
            [
              {
                "type": "get_attr",
                "value": "private_key_pem_pkcs8"
              }
            ],
            [
              {
                "type": "get_attr",
                "value": "private_key_pem"
              }
            ],
            [
              {
                "type": "get_attr",
                "value": "private_key_openssh"
              }
            ]
          ]
        }
      ]
    },
    {
      "module": "module.secret",
      "mode": "managed",
      "type": "aws_secretsmanager_secret",
      "name": "secrets",
      "provider": "provider[\"registry.terraform.io/hashicorp/aws\"]",
      "instances": [
        {
          "schema_version": 0,
          "attributes": {
            "arn": "arn:aws:secretsmanager:us-east-1:043309320500:secret:credentials-S134P4",
            "description": "",
            "force_overwrite_replica_secret": false,
            "id": "arn:aws:secretsmanager:us-east-1:043309320500:secret:credentials-S134P4",
            "kms_key_id": "",
            "name": "credentials",
            "name_prefix": "",
            "policy": "",
            "recovery_window_in_days": 30,
            "replica": [],
            "tags": {},
            "tags_all": {}
          },
          "sensitive_attributes": [],
          "private": "bnVsbA=="
        }
      ]
    },
    {
      "module": "module.secret",
      "mode": "managed",
      "type": "aws_secretsmanager_secret_version",
      "name": "secret_version",
      "provider": "provider[\"registry.terraform.io/hashicorp/aws\"]",
      "instances": [
        {
          "schema_version": 0,
          "attributes": {
            "arn": "arn:aws:secretsmanager:us-east-1:043309320500:secret:credentials-S134P4",
            "has_secret_string_wo": null,
            "id": "arn:aws:secretsmanager:us-east-1:043309320500:secret:credentials-S134P4|terraform-20250305044516616800000001",
            "secret_binary": "",
            "secret_id": "arn:aws:secretsmanager:us-east-1:043309320500:secret:credentials-S134P4",
            "secret_string": "\"adminuser2\"",
            "secret_string_wo": null,
            "secret_string_wo_version": null,
            "version_id": "terraform-20250305044516616800000001",
            "version_stages": [
              "AWSCURRENT"
            ]
          },
          "sensitive_attributes": [
            [
              {
                "type": "get_attr",
                "value": "secret_string"
              }
            ],
            [
              {
                "type": "get_attr",
                "value": "secret_string_wo"
              }
            ],
            [
              {
                "type": "get_attr",
                "value": "secret_binary"
              }
            ]
          ],
          "private": "bnVsbA==",
          "dependencies": [
            "module.secret.aws_secretsmanager_secret.secrets"
          ]
        }
      ]
    },
    {
      "module": "module.vpc",
      "mode": "managed",
      "type": "aws_eip",
      "name": "nat",
      "provider": "module.vpc.provider[\"registry.terraform.io/hashicorp/aws\"]",
      "instances": [
        {
          "schema_version": 0,
          "attributes": {
            "address": null,
            "allocation_id": "eipalloc-0cc877118f500508d",
            "arn": "arn:aws:ec2:us-east-1:043309320500:elastic-ip/eipalloc-0cc877118f500508d",
            "associate_with_private_ip": null,
            "association_id": "eipassoc-0d3f575864d21fd3f",
            "carrier_ip": "",
            "customer_owned_ip": "",
            "customer_owned_ipv4_pool": "",
            "domain": "vpc",
            "id": "eipalloc-0cc877118f500508d",
            "instance": "",
            "ipam_pool_id": null,
            "network_border_group": "us-east-1",
            "network_interface": "eni-094102e7b20a63bfe",
            "private_dns": "ip-10-0-1-79.ec2.internal",
            "private_ip": "10.0.1.79",
            "ptr_record": "",
            "public_dns": "ec2-50-19-93-239.compute-1.amazonaws.com",
            "public_ip": "50.19.93.239",
            "public_ipv4_pool": "amazon",
            "tags": {},
            "tags_all": {},
            "timeouts": null,
            "vpc": true
          },
          "sensitive_attributes": [],
          "private": "eyJlMmJmYjczMC1lY2FhLTExZTYtOGY4OC0zNDM2M2JjN2M0YzAiOnsiZGVsZXRlIjoxODAwMDAwMDAwMDAsInJlYWQiOjkwMDAwMDAwMDAwMCwidXBkYXRlIjozMDAwMDAwMDAwMDB9fQ=="
        }
      ]
    },
    {
      "module": "module.vpc",
      "mode": "managed",
      "type": "aws_internet_gateway",
      "name": "db_igw",
      "provider": "module.vpc.provider[\"registry.terraform.io/hashicorp/aws\"]",
      "instances": [
        {
          "schema_version": 0,
          "attributes": {
            "arn": "arn:aws:ec2:us-east-1:043309320500:internet-gateway/igw-0ca20e97ede2629f4",
            "id": "igw-0ca20e97ede2629f4",
            "owner_id": "043309320500",
            "tags": {
              "Name": "dbserver"
            },
            "tags_all": {
              "Name": "dbserver"
            },
            "timeouts": null,
            "vpc_id": "vpc-098ed9f56da0a6a93"
          },
          "sensitive_attributes": [],
          "private": "eyJlMmJmYjczMC1lY2FhLTExZTYtOGY4OC0zNDM2M2JjN2M0YzAiOnsiY3JlYXRlIjoxMjAwMDAwMDAwMDAwLCJkZWxldGUiOjEyMDAwMDAwMDAwMDAsInVwZGF0ZSI6MTIwMDAwMDAwMDAwMH19",
          "dependencies": [
            "module.vpc.aws_vpc.migration_vpc"
          ]
        }
      ]
    },
    {
      "module": "module.vpc",
      "mode": "managed",
      "type": "aws_nat_gateway",
      "name": "nat",
      "provider": "module.vpc.provider[\"registry.terraform.io/hashicorp/aws\"]",
      "instances": [
        {
          "schema_version": 0,
          "attributes": {
            "allocation_id": "eipalloc-0cc877118f500508d",
            "association_id": "eipassoc-0d3f575864d21fd3f",
            "connectivity_type": "public",
            "id": "nat-0d01d418fcceaa11a",
            "network_interface_id": "eni-094102e7b20a63bfe",
            "private_ip": "10.0.1.79",
            "public_ip": "50.19.93.239",
            "secondary_allocation_ids": [],
            "secondary_private_ip_address_count": 0,
            "secondary_private_ip_addresses": [],
            "subnet_id": "subnet-0e51a03c0603e0a32",
            "tags": {
              "Name": "my-vpc-nat"
            },
            "tags_all": {
              "Name": "my-vpc-nat"
            },
            "timeouts": null
          },
          "sensitive_attributes": [],
          "private": "eyJlMmJmYjczMC1lY2FhLTExZTYtOGY4OC0zNDM2M2JjN2M0YzAiOnsiY3JlYXRlIjo2MDAwMDAwMDAwMDAsImRlbGV0ZSI6MTgwMDAwMDAwMDAwMCwidXBkYXRlIjo2MDAwMDAwMDAwMDB9fQ==",
          "dependencies": [
            "module.vpc.aws_eip.nat",
            "module.vpc.aws_subnet.public_subnet",
            "module.vpc.aws_vpc.migration_vpc"
          ]
        }
      ]
    },
    {
      "module": "module.vpc",
      "mode": "managed",
      "type": "aws_route_table",
      "name": "private",
      "provider": "module.vpc.provider[\"registry.terraform.io/hashicorp/aws\"]",
      "instances": [
        {
          "schema_version": 0,
          "attributes": {
            "arn": "arn:aws:ec2:us-east-1:043309320500:route-table/rtb-0c9a5164c82b64f65",
            "id": "rtb-0c9a5164c82b64f65",
            "owner_id": "043309320500",
            "propagating_vgws": [],
            "route": [
              {
                "carrier_gateway_id": "",
                "cidr_block": "0.0.0.0/0",
                "core_network_arn": "",
                "destination_prefix_list_id": "",
                "egress_only_gateway_id": "",
                "gateway_id": "",
                "ipv6_cidr_block": "",
                "local_gateway_id": "",
                "nat_gateway_id": "nat-0d01d418fcceaa11a",
                "network_interface_id": "",
                "transit_gateway_id": "",
                "vpc_endpoint_id": "",
                "vpc_peering_connection_id": ""
              }
            ],
            "tags": {
              "Name": "my-vpc-private-rt"
            },
            "tags_all": {
              "Name": "my-vpc-private-rt"
            },
            "timeouts": null,
            "vpc_id": "vpc-098ed9f56da0a6a93"
          },
          "sensitive_attributes": [],
          "private": "eyJlMmJmYjczMC1lY2FhLTExZTYtOGY4OC0zNDM2M2JjN2M0YzAiOnsiY3JlYXRlIjozMDAwMDAwMDAwMDAsImRlbGV0ZSI6MzAwMDAwMDAwMDAwLCJ1cGRhdGUiOjEyMDAwMDAwMDAwMH19",
          "dependencies": [
            "module.vpc.aws_eip.nat",
            "module.vpc.aws_nat_gateway.nat",
            "module.vpc.aws_subnet.public_subnet",
            "module.vpc.aws_vpc.migration_vpc"
          ]
        }
      ]
    },
    {
      "module": "module.vpc",
      "mode": "managed",
      "type": "aws_route_table",
      "name": "public_route",
      "provider": "module.vpc.provider[\"registry.terraform.io/hashicorp/aws\"]",
      "instances": [
        {
          "schema_version": 0,
          "attributes": {
            "arn": "arn:aws:ec2:us-east-1:043309320500:route-table/rtb-0e023cffc61d83b6e",
            "id": "rtb-0e023cffc61d83b6e",
            "owner_id": "043309320500",
            "propagating_vgws": [],
            "route": [
              {
                "carrier_gateway_id": "",
                "cidr_block": "0.0.0.0/0",
                "core_network_arn": "",
                "destination_prefix_list_id": "",
                "egress_only_gateway_id": "",
                "gateway_id": "igw-0ca20e97ede2629f4",
                "ipv6_cidr_block": "",
                "local_gateway_id": "",
                "nat_gateway_id": "",
                "network_interface_id": "",
                "transit_gateway_id": "",
                "vpc_endpoint_id": "",
                "vpc_peering_connection_id": ""
              }
            ],
            "tags": {
              "Name": "my-vpc-public-rt"
            },
            "tags_all": {
              "Name": "my-vpc-public-rt"
            },
            "timeouts": null,
            "vpc_id": "vpc-098ed9f56da0a6a93"
          },
          "sensitive_attributes": [],
          "private": "eyJlMmJmYjczMC1lY2FhLTExZTYtOGY4OC0zNDM2M2JjN2M0YzAiOnsiY3JlYXRlIjozMDAwMDAwMDAwMDAsImRlbGV0ZSI6MzAwMDAwMDAwMDAwLCJ1cGRhdGUiOjEyMDAwMDAwMDAwMH19",
          "dependencies": [
            "module.vpc.aws_internet_gateway.db_igw",
            "module.vpc.aws_vpc.migration_vpc"
          ]
        }
      ]
    },
    {
      "module": "module.vpc",
      "mode": "managed",
      "type": "aws_route_table_association",
      "name": "private",
      "provider": "module.vpc.provider[\"registry.terraform.io/hashicorp/aws\"]",
      "instances": [
        {
          "index_key": 0,
          "schema_version": 0,
          "attributes": {
            "gateway_id": "",
            "id": "rtbassoc-04c5645d0879cea58",
            "route_table_id": "rtb-0c9a5164c82b64f65",
            "subnet_id": "subnet-05dcb5e645b721b51",
            "timeouts": null
          },
          "sensitive_attributes": [],
          "private": "eyJlMmJmYjczMC1lY2FhLTExZTYtOGY4OC0zNDM2M2JjN2M0YzAiOnsiY3JlYXRlIjozMDAwMDAwMDAwMDAsImRlbGV0ZSI6MzAwMDAwMDAwMDAwLCJ1cGRhdGUiOjEyMDAwMDAwMDAwMH19",
          "dependencies": [
            "module.vpc.aws_eip.nat",
            "module.vpc.aws_nat_gateway.nat",
            "module.vpc.aws_route_table.private",
            "module.vpc.aws_subnet.db_private_subnet",
            "module.vpc.aws_subnet.public_subnet",
            "module.vpc.aws_vpc.migration_vpc"
          ]
        },
        {
          "index_key": 1,
          "schema_version": 0,
          "attributes": {
            "gateway_id": "",
            "id": "rtbassoc-047b825d42d33996f",
            "route_table_id": "rtb-0c9a5164c82b64f65",
            "subnet_id": "subnet-0cb374b4d9edb6457",
            "timeouts": null
          },
          "sensitive_attributes": [],
          "private": "eyJlMmJmYjczMC1lY2FhLTExZTYtOGY4OC0zNDM2M2JjN2M0YzAiOnsiY3JlYXRlIjozMDAwMDAwMDAwMDAsImRlbGV0ZSI6MzAwMDAwMDAwMDAwLCJ1cGRhdGUiOjEyMDAwMDAwMDAwMH19",
          "dependencies": [
            "module.vpc.aws_eip.nat",
            "module.vpc.aws_nat_gateway.nat",
            "module.vpc.aws_route_table.private",
            "module.vpc.aws_subnet.db_private_subnet",
            "module.vpc.aws_subnet.public_subnet",
            "module.vpc.aws_vpc.migration_vpc"
          ]
        }
      ]
    },
    {
      "module": "module.vpc",
      "mode": "managed",
      "type": "aws_route_table_association",
      "name": "public",
      "provider": "module.vpc.provider[\"registry.terraform.io/hashicorp/aws\"]",
      "instances": [
        {
          "index_key": 0,
          "schema_version": 0,
          "attributes": {
            "gateway_id": "",
            "id": "rtbassoc-08ed53c8219ddbbf4",
            "route_table_id": "rtb-0e023cffc61d83b6e",
            "subnet_id": "subnet-0e51a03c0603e0a32",
            "timeouts": null
          },
          "sensitive_attributes": [],
          "private": "eyJlMmJmYjczMC1lY2FhLTExZTYtOGY4OC0zNDM2M2JjN2M0YzAiOnsiY3JlYXRlIjozMDAwMDAwMDAwMDAsImRlbGV0ZSI6MzAwMDAwMDAwMDAwLCJ1cGRhdGUiOjEyMDAwMDAwMDAwMH19",
          "dependencies": [
            "module.vpc.aws_internet_gateway.db_igw",
            "module.vpc.aws_route_table.public_route",
            "module.vpc.aws_subnet.public_subnet",
            "module.vpc.aws_vpc.migration_vpc"
          ]
        },
        {
          "index_key": 1,
          "schema_version": 0,
          "attributes": {
            "gateway_id": "",
            "id": "rtbassoc-0b1e6a037216a79e1",
            "route_table_id": "rtb-0e023cffc61d83b6e",
            "subnet_id": "subnet-03d51a3de082505aa",
            "timeouts": null
          },
          "sensitive_attributes": [],
          "private": "eyJlMmJmYjczMC1lY2FhLTExZTYtOGY4OC0zNDM2M2JjN2M0YzAiOnsiY3JlYXRlIjozMDAwMDAwMDAwMDAsImRlbGV0ZSI6MzAwMDAwMDAwMDAwLCJ1cGRhdGUiOjEyMDAwMDAwMDAwMH19",
          "dependencies": [
            "module.vpc.aws_internet_gateway.db_igw",
            "module.vpc.aws_route_table.public_route",
            "module.vpc.aws_subnet.public_subnet",
            "module.vpc.aws_vpc.migration_vpc"
          ]
        }
      ]
    },
    {
      "module": "module.vpc",
      "mode": "managed",
      "type": "aws_subnet",
      "name": "db_private_subnet",
      "provider": "module.vpc.provider[\"registry.terraform.io/hashicorp/aws\"]",
      "instances": [
        {
          "index_key": 0,
          "schema_version": 1,
          "attributes": {
            "arn": "arn:aws:ec2:us-east-1:043309320500:subnet/subnet-05dcb5e645b721b51",
            "assign_ipv6_address_on_creation": false,
            "availability_zone": "us-east-1a",
            "availability_zone_id": "use1-az4",
            "cidr_block": "10.0.3.0/24",
            "customer_owned_ipv4_pool": "",
            "enable_dns64": false,
            "enable_lni_at_device_index": 0,
            "enable_resource_name_dns_a_record_on_launch": false,
            "enable_resource_name_dns_aaaa_record_on_launch": false,
            "id": "subnet-05dcb5e645b721b51",
            "ipv6_cidr_block": "",
            "ipv6_cidr_block_association_id": "",
            "ipv6_native": false,
            "map_customer_owned_ip_on_launch": false,
            "map_public_ip_on_launch": false,
            "outpost_arn": "",
            "owner_id": "043309320500",
            "private_dns_hostname_type_on_launch": "ip-name",
            "tags": {
              "Name": "my-vpc-private-sub-dbserver"
            },
            "tags_all": {
              "Name": "my-vpc-private-sub-dbserver"
            },
            "timeouts": null,
            "vpc_id": "vpc-098ed9f56da0a6a93"
          },
          "sensitive_attributes": [],
          "private": "eyJlMmJmYjczMC1lY2FhLTExZTYtOGY4OC0zNDM2M2JjN2M0YzAiOnsiY3JlYXRlIjo2MDAwMDAwMDAwMDAsImRlbGV0ZSI6MTIwMDAwMDAwMDAwMH0sInNjaGVtYV92ZXJzaW9uIjoiMSJ9",
          "dependencies": [
            "module.vpc.aws_vpc.migration_vpc"
          ]
        },
        {
          "index_key": 1,
          "schema_version": 1,
          "attributes": {
            "arn": "arn:aws:ec2:us-east-1:043309320500:subnet/subnet-0cb374b4d9edb6457",
            "assign_ipv6_address_on_creation": false,
            "availability_zone": "us-east-1b",
            "availability_zone_id": "use1-az6",
            "cidr_block": "10.0.4.0/24",
            "customer_owned_ipv4_pool": "",
            "enable_dns64": false,
            "enable_lni_at_device_index": 0,
            "enable_resource_name_dns_a_record_on_launch": false,
            "enable_resource_name_dns_aaaa_record_on_launch": false,
            "id": "subnet-0cb374b4d9edb6457",
            "ipv6_cidr_block": "",
            "ipv6_cidr_block_association_id": "",
            "ipv6_native": false,
            "map_customer_owned_ip_on_launch": false,
            "map_public_ip_on_launch": false,
            "outpost_arn": "",
            "owner_id": "043309320500",
            "private_dns_hostname_type_on_launch": "ip-name",
            "tags": {
              "Name": "my-vpc-private-sub-dbserver"
            },
            "tags_all": {
              "Name": "my-vpc-private-sub-dbserver"
            },
            "timeouts": null,
            "vpc_id": "vpc-098ed9f56da0a6a93"
          },
          "sensitive_attributes": [],
          "private": "eyJlMmJmYjczMC1lY2FhLTExZTYtOGY4OC0zNDM2M2JjN2M0YzAiOnsiY3JlYXRlIjo2MDAwMDAwMDAwMDAsImRlbGV0ZSI6MTIwMDAwMDAwMDAwMH0sInNjaGVtYV92ZXJzaW9uIjoiMSJ9",
          "dependencies": [
            "module.vpc.aws_vpc.migration_vpc"
          ]
        }
      ]
    },
    {
      "module": "module.vpc",
      "mode": "managed",
      "type": "aws_subnet",
      "name": "public_subnet",
      "provider": "module.vpc.provider[\"registry.terraform.io/hashicorp/aws\"]",
      "instances": [
        {
          "index_key": 0,
          "schema_version": 1,
          "attributes": {
            "arn": "arn:aws:ec2:us-east-1:043309320500:subnet/subnet-0e51a03c0603e0a32",
            "assign_ipv6_address_on_creation": false,
            "availability_zone": "us-east-1a",
            "availability_zone_id": "use1-az4",
            "cidr_block": "10.0.1.0/24",
            "customer_owned_ipv4_pool": "",
            "enable_dns64": false,
            "enable_lni_at_device_index": 0,
            "enable_resource_name_dns_a_record_on_launch": false,
            "enable_resource_name_dns_aaaa_record_on_launch": false,
            "id": "subnet-0e51a03c0603e0a32",
            "ipv6_cidr_block": "",
            "ipv6_cidr_block_association_id": "",
            "ipv6_native": false,
            "map_customer_owned_ip_on_launch": false,
            "map_public_ip_on_launch": true,
            "outpost_arn": "",
            "owner_id": "043309320500",
            "private_dns_hostname_type_on_launch": "ip-name",
            "tags": {
              "Name": "my-vpc-pub-sub-dbserver"
            },
            "tags_all": {
              "Name": "my-vpc-pub-sub-dbserver"
            },
            "timeouts": null,
            "vpc_id": "vpc-098ed9f56da0a6a93"
          },
          "sensitive_attributes": [],
          "private": "eyJlMmJmYjczMC1lY2FhLTExZTYtOGY4OC0zNDM2M2JjN2M0YzAiOnsiY3JlYXRlIjo2MDAwMDAwMDAwMDAsImRlbGV0ZSI6MTIwMDAwMDAwMDAwMH0sInNjaGVtYV92ZXJzaW9uIjoiMSJ9",
          "dependencies": [
            "module.vpc.aws_vpc.migration_vpc"
          ]
        },
        {
          "index_key": 1,
          "schema_version": 1,
          "attributes": {
            "arn": "arn:aws:ec2:us-east-1:043309320500:subnet/subnet-03d51a3de082505aa",
            "assign_ipv6_address_on_creation": false,
            "availability_zone": "us-east-1b",
            "availability_zone_id": "use1-az6",
            "cidr_block": "10.0.2.0/24",
            "customer_owned_ipv4_pool": "",
            "enable_dns64": false,
            "enable_lni_at_device_index": 0,
            "enable_resource_name_dns_a_record_on_launch": false,
            "enable_resource_name_dns_aaaa_record_on_launch": false,
            "id": "subnet-03d51a3de082505aa",
            "ipv6_cidr_block": "",
            "ipv6_cidr_block_association_id": "",
            "ipv6_native": false,
            "map_customer_owned_ip_on_launch": false,
            "map_public_ip_on_launch": true,
            "outpost_arn": "",
            "owner_id": "043309320500",
            "private_dns_hostname_type_on_launch": "ip-name",
            "tags": {
              "Name": "my-vpc-pub-sub-dbserver"
            },
            "tags_all": {
              "Name": "my-vpc-pub-sub-dbserver"
            },
            "timeouts": null,
            "vpc_id": "vpc-098ed9f56da0a6a93"
          },
          "sensitive_attributes": [],
          "private": "eyJlMmJmYjczMC1lY2FhLTExZTYtOGY4OC0zNDM2M2JjN2M0YzAiOnsiY3JlYXRlIjo2MDAwMDAwMDAwMDAsImRlbGV0ZSI6MTIwMDAwMDAwMDAwMH0sInNjaGVtYV92ZXJzaW9uIjoiMSJ9",
          "dependencies": [
            "module.vpc.aws_vpc.migration_vpc"
          ]
        }
      ]
    },
    {
      "module": "module.vpc",
      "mode": "managed",
      "type": "aws_vpc",
      "name": "migration_vpc",
      "provider": "module.vpc.provider[\"registry.terraform.io/hashicorp/aws\"]",
      "instances": [
        {
          "schema_version": 1,
          "attributes": {
            "arn": "arn:aws:ec2:us-east-1:043309320500:vpc/vpc-098ed9f56da0a6a93",
            "assign_generated_ipv6_cidr_block": false,
            "cidr_block": "10.0.0.0/16",
            "default_network_acl_id": "acl-06c406605fe363076",
            "default_route_table_id": "rtb-0d2f040d8137a5ca0",
            "default_security_group_id": "sg-060f2a00bc15e754d",
            "dhcp_options_id": "dopt-01c0ee741b008262a",
            "enable_dns_hostnames": true,
            "enable_dns_support": true,
            "enable_network_address_usage_metrics": false,
            "id": "vpc-098ed9f56da0a6a93",
            "instance_tenancy": "default",
            "ipv4_ipam_pool_id": null,
            "ipv4_netmask_length": null,
            "ipv6_association_id": "",
            "ipv6_cidr_block": "",
            "ipv6_cidr_block_network_border_group": "",
            "ipv6_ipam_pool_id": "",
            "ipv6_netmask_length": 0,
            "main_route_table_id": "rtb-0d2f040d8137a5ca0",
            "owner_id": "043309320500",
            "tags": {
              "Name": "my-vpc"
            },
            "tags_all": {
              "Name": "my-vpc"
            }
          },
          "sensitive_attributes": [],
          "private": "eyJzY2hlbWFfdmVyc2lvbiI6IjEifQ=="
        }
      ]
    }
  ],
  "check_results": null
}
